
Microsoft Visual Studio Solution File, Format Version 12.00
# Visual Studio 2012
Project("{8BC9CEB8-8B4A-11D0-8D11-00A0C91BC942}") = "hello", "hello\hello.vcxproj", "{582C3108-226E-491B-98CD-DDEA4C50FCEB}"
EndProject
Project("{8BC9CEB8-8B4A-11D0-8D11-00A0C91BC942}") = "hello_arg", "hello_arg\hello_arg.vcxproj", "{D8702244-E094-4248-8865-D2039DA9269C}"
EndProject
Project("{8BC9CEB8-8B4A-11D0-8D11-00A0C91BC942}") = "hello_arg2", "hello_arg2\hello_arg2.vcxproj", "{CA7049B2-DD43-4920-A5B6-7C93F3AB3C2A}"
EndProject
Project("{8BC9CEB8-8B4A-11D0-8D11-00A0C91BC942}") = "join", "join\join.vcxproj", "{C95AFF6E-F191-418B-B5CB-412B542E5454}"
EndProject
Project("{8BC9CEB8-8B4A-11D0-8D11-00A0C91BC942}") = "dotprod_serial", "dotprod_serial\dotprod_serial.vcxproj", "{025E591D-9552-4EC1-875F-14929160D057}"
EndProject
Project("{8BC9CEB8-8B4A-11D0-8D11-00A0C91BC942}") = "dotprod_mutex", "dotprod_mutex\dotprod_mutex.vcxproj", "{60F437B2-8F6E-4562-9F7B-D146DAC41BF4}"
EndProject
Project("{8BC9CEB8-8B4A-11D0-8D11-00A0C91BC942}") = "condvar", "condvar\condvar.vcxproj", "{73878DFD-7B13-4DD6-8F73-199F51B4B888}"
EndProject
Project("{8BC9CEB8-8B4A-11D0-8D11-00A0C91BC942}") = "producer", "producer\producer.vcxproj", "{78AF135B-5061-4808-A2BB-1C3F15F7E74D}"
EndProject
Project("{8BC9CEB8-8B4A-11D0-8D11-00A0C91BC942}") = "producer2", "producer2\producer2.vcxproj", "{7BBFD9C8-93AF-43BF-9F4E-9B8449A02FE6}"
EndProject
Project("{8BC9CEB8-8B4A-11D0-8D11-00A0C91BC942}") = "producer3", "producer3\producer3.vcxproj", "{6F94FF25-7D95-4FB8-B5C6-FB395C4CBC09}"
EndProject
Global
	GlobalSection(SolutionConfigurationPlatforms) = preSolution
		Debug|Win32 = Debug|Win32
		Release|Win32 = Release|Win32
	EndGlobalSection
	GlobalSection(ProjectConfigurationPlatforms) = postSolution
		{582C3108-226E-491B-98CD-DDEA4C50FCEB}.Debug|Win32.ActiveCfg = Debug|Win32
		{582C3108-226E-491B-98CD-DDEA4C50FCEB}.Debug|Win32.Build.0 = Debug|Win32
		{582C3108-226E-491B-98CD-DDEA4C50FCEB}.Release|Win32.ActiveCfg = Release|Win32
		{582C3108-226E-491B-98CD-DDEA4C50FCEB}.Release|Win32.Build.0 = Release|Win32
		{D8702244-E094-4248-8865-D2039DA9269C}.Debug|Win32.ActiveCfg = Debug|Win32
		{D8702244-E094-4248-8865-D2039DA9269C}.Debug|Win32.Build.0 = Debug|Win32
		{D8702244-E094-4248-8865-D2039DA9269C}.Release|Win32.ActiveCfg = Release|Win32
		{D8702244-E094-4248-8865-D2039DA9269C}.Release|Win32.Build.0 = Release|Win32
		{CA7049B2-DD43-4920-A5B6-7C93F3AB3C2A}.Debug|Win32.ActiveCfg = Debug|Win32
		{CA7049B2-DD43-4920-A5B6-7C93F3AB3C2A}.Debug|Win32.Build.0 = Debug|Win32
		{CA7049B2-DD43-4920-A5B6-7C93F3AB3C2A}.Release|Win32.ActiveCfg = Release|Win32
		{CA7049B2-DD43-4920-A5B6-7C93F3AB3C2A}.Release|Win32.Build.0 = Release|Win32
		{C95AFF6E-F191-418B-B5CB-412B542E5454}.Debug|Win32.ActiveCfg = Debug|Win32
		{C95AFF6E-F191-418B-B5CB-412B542E5454}.Debug|Win32.Build.0 = Debug|Win32
		{C95AFF6E-F191-418B-B5CB-412B542E5454}.Release|Win32.ActiveCfg = Release|Win32
		{C95AFF6E-F191-418B-B5CB-412B542E5454}.Release|Win32.Build.0 = Release|Win32
		{025E591D-9552-4EC1-875F-14929160D057}.Debug|Win32.ActiveCfg = Debug|Win32
		{025E591D-9552-4EC1-875F-14929160D057}.Debug|Win32.Build.0 = Debug|Win32
		{025E591D-9552-4EC1-875F-14929160D057}.Release|Win32.ActiveCfg = Release|Win32
		{025E591D-9552-4EC1-875F-14929160D057}.Release|Win32.Build.0 = Release|Win32
		{60F437B2-8F6E-4562-9F7B-D146DAC41BF4}.Debug|Win32.ActiveCfg = Debug|Win32
		{60F437B2-8F6E-4562-9F7B-D146DAC41BF4}.Debug|Win32.Build.0 = Debug|Win32
		{60F437B2-8F6E-4562-9F7B-D146DAC41BF4}.Release|Win32.ActiveCfg = Release|Win32
		{60F437B2-8F6E-4562-9F7B-D146DAC41BF4}.Release|Win32.Build.0 = Release|Win32
		{73878DFD-7B13-4DD6-8F73-199F51B4B888}.Debug|Win32.ActiveCfg = Debug|Win32
		{73878DFD-7B13-4DD6-8F73-199F51B4B888}.Debug|Win32.Build.0 = Debug|Win32
		{73878DFD-7B13-4DD6-8F73-199F51B4B888}.Release|Win32.ActiveCfg = Release|Win32
		{73878DFD-7B13-4DD6-8F73-199F51B4B888}.Release|Win32.Build.0 = Release|Win32
		{78AF135B-5061-4808-A2BB-1C3F15F7E74D}.Debug|Win32.ActiveCfg = Debug|Win32
		{78AF135B-5061-4808-A2BB-1C3F15F7E74D}.Debug|Win32.Build.0 = Debug|Win32
		{78AF135B-5061-4808-A2BB-1C3F15F7E74D}.Release|Win32.ActiveCfg = Release|Win32
		{78AF135B-5061-4808-A2BB-1C3F15F7E74D}.Release|Win32.Build.0 = Release|Win32
		{7BBFD9C8-93AF-43BF-9F4E-9B8449A02FE6}.Debug|Win32.ActiveCfg = Debug|Win32
		{7BBFD9C8-93AF-43BF-9F4E-9B8449A02FE6}.Debug|Win32.Build.0 = Debug|Win32
		{7BBFD9C8-93AF-43BF-9F4E-9B8449A02FE6}.Release|Win32.ActiveCfg = Release|Win32
		{7BBFD9C8-93AF-43BF-9F4E-9B8449A02FE6}.Release|Win32.Build.0 = Release|Win32
		{6F94FF25-7D95-4FB8-B5C6-FB395C4CBC09}.Debug|Win32.ActiveCfg = Debug|Win32
		{6F94FF25-7D95-4FB8-B5C6-FB395C4CBC09}.Debug|Win32.Build.0 = Debug|Win32
		{6F94FF25-7D95-4FB8-B5C6-FB395C4CBC09}.Release|Win32.ActiveCfg = Release|Win32
		{6F94FF25-7D95-4FB8-B5C6-FB395C4CBC09}.Release|Win32.Build.0 = Release|Win32
	EndGlobalSection
	GlobalSection(SolutionProperties) = preSolution
		HideSolutionNode = FALSE
	EndGlobalSection
EndGlobal
